// !$*UTF8*$!
{
	archiveVersion = 1;
	classes = {
	};
	objectVersion = 60;
	objects = {

/* Begin PBXBuildFile section */
		4F2598D02C36B4E000EF0724 /* LocalizationScreenshotTestIOSAllSwiftApp.swift in Sources */ = {isa = PBXBuildFile; fileRef = 4F2598CF2C36B4E000EF0724 /* LocalizationScreenshotTestIOSAllSwiftApp.swift */; };
		4F2598D22C36B4E000EF0724 /* ContentView.swift in Sources */ = {isa = PBXBuildFile; fileRef = 4F2598D12C36B4E000EF0724 /* ContentView.swift */; };
		4F2598D42C36B4E200EF0724 /* Assets.xcassets in Resources */ = {isa = PBXBuildFile; fileRef = 4F2598D32C36B4E200EF0724 /* Assets.xcassets */; };
		4F2598D72C36B4E200EF0724 /* Preview Assets.xcassets in Resources */ = {isa = PBXBuildFile; fileRef = 4F2598D62C36B4E200EF0724 /* Preview Assets.xcassets */; };
		4F2598E12C36B4E200EF0724 /* LocalizationScreenshotTestIOSAllSwiftTests.swift in Sources */ = {isa = PBXBuildFile; fileRef = 4F2598E02C36B4E200EF0724 /* LocalizationScreenshotTestIOSAllSwiftTests.swift */; };
		4F2598EB2C36B4E200EF0724 /* LocalizationScreenshotTestIOSAllSwiftUITests.swift in Sources */ = {isa = PBXBuildFile; fileRef = 4F2598EA2C36B4E200EF0724 /* LocalizationScreenshotTestIOSAllSwiftUITests.swift */; };
		4F2598ED2C36B4E200EF0724 /* LocalizationScreenshotTestIOSAllSwiftUITestsLaunchTests.swift in Sources */ = {isa = PBXBuildFile; fileRef = 4F2598EC2C36B4E200EF0724 /* LocalizationScreenshotTestIOSAllSwiftUITestsLaunchTests.swift */; };
		4F2598FA2C36B56900EF0724 /* Localizable.xcstrings in Resources */ = {isa = PBXBuildFile; fileRef = 4F2598F92C36B56900EF0724 /* Localizable.xcstrings */; };
/* End PBXBuildFile section */

/* Begin PBXContainerItemProxy section */
		4F2598DD2C36B4E200EF0724 /* PBXContainerItemProxy */ = {
			isa = PBXContainerItemProxy;
			containerPortal = 4F2598C42C36B4E000EF0724 /* Project object */;
			proxyType = 1;
			remoteGlobalIDString = 4F2598CB2C36B4E000EF0724;
			remoteInfo = LocalizationScreenshotTestIOSAllSwift;
		};
		4F2598E72C36B4E200EF0724 /* PBXContainerItemProxy */ = {
			isa = PBXContainerItemProxy;
			containerPortal = 4F2598C42C36B4E000EF0724 /* Project object */;
			proxyType = 1;
			remoteGlobalIDString = 4F2598CB2C36B4E000EF0724;
			remoteInfo = LocalizationScreenshotTestIOSAllSwift;
		};
/* End PBXContainerItemProxy section */

/* Begin PBXFileReference section */
		4F2598CC2C36B4E000EF0724 /* LocalizationScreenshotTestIOSAllSwift.app */ = {isa = PBXFileReference; explicitFileType = wrapper.application; includeInIndex = 0; path = LocalizationScreenshotTestIOSAllSwift.app; sourceTree = BUILT_PRODUCTS_DIR; };
		4F2598CF2C36B4E000EF0724 /* LocalizationScreenshotTestIOSAllSwiftApp.swift */ = {isa = PBXFileReference; lastKnownFileType = sourcecode.swift; path = LocalizationScreenshotTestIOSAllSwiftApp.swift; sourceTree = "<group>"; };
		4F2598D12C36B4E000EF0724 /* ContentView.swift */ = {isa = PBXFileReference; lastKnownFileType = sourcecode.swift; path = ContentView.swift; sourceTree = "<group>"; };
		4F2598D32C36B4E200EF0724 /* Assets.xcassets */ = {isa = PBXFileReference; lastKnownFileType = folder.assetcatalog; path = Assets.xcassets; sourceTree = "<group>"; };
		4F2598D62C36B4E200EF0724 /* Preview Assets.xcassets */ = {isa = PBXFileReference; lastKnownFileType = folder.assetcatalog; path = "Preview Assets.xcassets"; sourceTree = "<group>"; };
		4F2598DC2C36B4E200EF0724 /* LocalizationScreenshotTestIOSAllSwiftTests.xctest */ = {isa = PBXFileReference; explicitFileType = wrapper.cfbundle; includeInIndex = 0; path = LocalizationScreenshotTestIOSAllSwiftTests.xctest; sourceTree = BUILT_PRODUCTS_DIR; };
		4F2598E02C36B4E200EF0724 /* LocalizationScreenshotTestIOSAllSwiftTests.swift */ = {isa = PBXFileReference; lastKnownFileType = sourcecode.swift; path = LocalizationScreenshotTestIOSAllSwiftTests.swift; sourceTree = "<group>"; };
		4F2598E62C36B4E200EF0724 /* LocalizationScreenshotTestIOSAllSwiftUITests.xctest */ = {isa = PBXFileReference; explicitFileType = wrapper.cfbundle; includeInIndex = 0; path = LocalizationScreenshotTestIOSAllSwiftUITests.xctest; sourceTree = BUILT_PRODUCTS_DIR; };
		4F2598EA2C36B4E200EF0724 /* LocalizationScreenshotTestIOSAllSwiftUITests.swift */ = {isa = PBXFileReference; lastKnownFileType = sourcecode.swift; path = LocalizationScreenshotTestIOSAllSwiftUITests.swift; sourceTree = "<group>"; };
		4F2598EC2C36B4E200EF0724 /* LocalizationScreenshotTestIOSAllSwiftUITestsLaunchTests.swift */ = {isa = PBXFileReference; lastKnownFileType = sourcecode.swift; path = LocalizationScreenshotTestIOSAllSwiftUITestsLaunchTests.swift; sourceTree = "<group>"; };
		4F2598F92C36B56900EF0724 /* Localizable.xcstrings */ = {isa = PBXFileReference; lastKnownFileType = text.json.xcstrings; path = Localizable.xcstrings; sourceTree = "<group>"; };
		4F2598FB2C36C52200EF0724 /* LocalizationScreenshotTestIOSAllSwift.xctestplan */ = {isa = PBXFileReference; lastKnownFileType = text; path = LocalizationScreenshotTestIOSAllSwift.xctestplan; sourceTree = "<group>"; };
/* End PBXFileReference section */

/* Begin PBXFrameworksBuildPhase section */
		4F2598C92C36B4E000EF0724 /* Frameworks */ = {
			isa = PBXFrameworksBuildPhase;
			buildActionMask = 2147483647;
			files = (
			);
			runOnlyForDeploymentPostprocessing = 0;
		};
		4F2598D92C36B4E200EF0724 /* Frameworks */ = {
			isa = PBXFrameworksBuildPhase;
			buildActionMask = 2147483647;
			files = (
			);
			runOnlyForDeploymentPostprocessing = 0;
		};
		4F2598E32C36B4E200EF0724 /* Frameworks */ = {
			isa = PBXFrameworksBuildPhase;
			buildActionMask = 2147483647;
			files = (
			);
			runOnlyForDeploymentPostprocessing = 0;
		};
/* End PBXFrameworksBuildPhase section */

/* Begin PBXGroup section */
		4F2598C32C36B4E000EF0724 = {
			isa = PBXGroup;
			children = (
				4F2598CE2C36B4E000EF0724 /* LocalizationScreenshotTestIOSAllSwift */,
				4F2598FB2C36C52200EF0724 /* LocalizationScreenshotTestIOSAllSwift.xctestplan */,
				4F2598DF2C36B4E200EF0724 /* LocalizationScreenshotTestIOSAllSwiftTests */,
				4F2598E92C36B4E200EF0724 /* LocalizationScreenshotTestIOSAllSwiftUITests */,
				4F2598CD2C36B4E000EF0724 /* Products */,
			);
			sourceTree = "<group>";
		};
		4F2598CD2C36B4E000EF0724 /* Products */ = {
			isa = PBXGroup;
			children = (
				4F2598CC2C36B4E000EF0724 /* LocalizationScreenshotTestIOSAllSwift.app */,
				4F2598DC2C36B4E200EF0724 /* LocalizationScreenshotTestIOSAllSwiftTests.xctest */,
				4F2598E62C36B4E200EF0724 /* LocalizationScreenshotTestIOSAllSwiftUITests.xctest */,
			);
			name = Products;
			sourceTree = "<group>";
		};
		4F2598CE2C36B4E000EF0724 /* LocalizationScreenshotTestIOSAllSwift */ = {
			isa = PBXGroup;
			children = (
				4F2598CF2C36B4E000EF0724 /* LocalizationScreenshotTestIOSAllSwiftApp.swift */,
				4F2598D12C36B4E000EF0724 /* ContentView.swift */,
				4F2598F92C36B56900EF0724 /* Localizable.xcstrings */,
				4F2598D32C36B4E200EF0724 /* Assets.xcassets */,
				4F2598D52C36B4E200EF0724 /* Preview Content */,
			);
			path = LocalizationScreenshotTestIOSAllSwift;
			sourceTree = "<group>";
		};
		4F2598D52C36B4E200EF0724 /* Preview Content */ = {
			isa = PBXGroup;
			children = (
				4F2598D62C36B4E200EF0724 /* Preview Assets.xcassets */,
			);
			path = "Preview Content";
			sourceTree = "<group>";
		};
		4F2598DF2C36B4E200EF0724 /* LocalizationScreenshotTestIOSAllSwiftTests */ = {
			isa = PBXGroup;
			children = (
				4F2598E02C36B4E200EF0724 /* LocalizationScreenshotTestIOSAllSwiftTests.swift */,
			);
			path = LocalizationScreenshotTestIOSAllSwiftTests;
			sourceTree = "<group>";
		};
		4F2598E92C36B4E200EF0724 /* LocalizationScreenshotTestIOSAllSwiftUITests */ = {
			isa = PBXGroup;
			children = (
				4F2598EA2C36B4E200EF0724 /* LocalizationScreenshotTestIOSAllSwiftUITests.swift */,
				4F2598EC2C36B4E200EF0724 /* LocalizationScreenshotTestIOSAllSwiftUITestsLaunchTests.swift */,
			);
			path = LocalizationScreenshotTestIOSAllSwiftUITests;
			sourceTree = "<group>";
		};
/* End PBXGroup section */

/* Begin PBXNativeTarget section */
		4F2598CB2C36B4E000EF0724 /* LocalizationScreenshotTestIOSAllSwift */ = {
			isa = PBXNativeTarget;
			buildConfigurationList = 4F2598F02C36B4E200EF0724 /* Build configuration list for PBXNativeTarget "LocalizationScreenshotTestIOSAllSwift" */;
			buildPhases = (
				4F2598C82C36B4E000EF0724 /* Sources */,
				4F2598C92C36B4E000EF0724 /* Frameworks */,
				4F2598CA2C36B4E000EF0724 /* Resources */,
			);
			buildRules = (
			);
			dependencies = (
			);
			name = LocalizationScreenshotTestIOSAllSwift;
			productName = LocalizationScreenshotTestIOSAllSwift;
			productReference = 4F2598CC2C36B4E000EF0724 /* LocalizationScreenshotTestIOSAllSwift.app */;
			productType = "com.apple.product-type.application";
		};
		4F2598DB2C36B4E200EF0724 /* LocalizationScreenshotTestIOSAllSwiftTests */ = {
			isa = PBXNativeTarget;
			buildConfigurationList = 4F2598F32C36B4E200EF0724 /* Build configuration list for PBXNativeTarget "LocalizationScreenshotTestIOSAllSwiftTests" */;
			buildPhases = (
				4F2598D82C36B4E200EF0724 /* Sources */,
				4F2598D92C36B4E200EF0724 /* Frameworks */,
				4F2598DA2C36B4E200EF0724 /* Resources */,
			);
			buildRules = (
			);
			dependencies = (
				4F2598DE2C36B4E200EF0724 /* PBXTargetDependency */,
			);
			name = LocalizationScreenshotTestIOSAllSwiftTests;
			productName = LocalizationScreenshotTestIOSAllSwiftTests;
			productReference = 4F2598DC2C36B4E200EF0724 /* LocalizationScreenshotTestIOSAllSwiftTests.xctest */;
			productType = "com.apple.product-type.bundle.unit-test";
		};
		4F2598E52C36B4E200EF0724 /* LocalizationScreenshotTestIOSAllSwiftUITests */ = {
			isa = PBXNativeTarget;
			buildConfigurationList = 4F2598F62C36B4E200EF0724 /* Build configuration list for PBXNativeTarget "LocalizationScreenshotTestIOSAllSwiftUITests" */;
			buildPhases = (
				4F2598E22C36B4E200EF0724 /* Sources */,
				4F2598E32C36B4E200EF0724 /* Frameworks */,
				4F2598E42C36B4E200EF0724 /* Resources */,
			);
			buildRules = (
			);
			dependencies = (
				4F2598E82C36B4E200EF0724 /* PBXTargetDependency */,
			);
			name = LocalizationScreenshotTestIOSAllSwiftUITests;
			productName = LocalizationScreenshotTestIOSAllSwiftUITests;
			productReference = 4F2598E62C36B4E200EF0724 /* LocalizationScreenshotTestIOSAllSwiftUITests.xctest */;
			productType = "com.apple.product-type.bundle.ui-testing";
		};
/* End PBXNativeTarget section */

/* Begin PBXProject section */
		4F2598C42C36B4E000EF0724 /* Project object */ = {
			isa = PBXProject;
			attributes = {
				BuildIndependentTargetsInParallel = 1;
				LastSwiftUpdateCheck = 1600;
				LastUpgradeCheck = 1600;
				TargetAttributes = {
					4F2598CB2C36B4E000EF0724 = {
						CreatedOnToolsVersion = 16.0;
					};
					4F2598DB2C36B4E200EF0724 = {
						CreatedOnToolsVersion = 16.0;
						TestTargetID = 4F2598CB2C36B4E000EF0724;
					};
					4F2598E52C36B4E200EF0724 = {
						CreatedOnToolsVersion = 16.0;
						TestTargetID = 4F2598CB2C36B4E000EF0724;
					};
				};
			};
			buildConfigurationList = 4F2598C72C36B4E000EF0724 /* Build configuration list for PBXProject "LocalizationScreenshotTestIOSAllSwift" */;
			compatibilityVersion = "Xcode 15.0";
			developmentRegion = en;
			hasScannedForEncodings = 0;
			knownRegions = (
				en,
				de,
				Base,
			);
			mainGroup = 4F2598C32C36B4E000EF0724;
			productRefGroup = 4F2598CD2C36B4E000EF0724 /* Products */;
			projectDirPath = "";
			projectRoot = "";
			targets = (
				4F2598CB2C36B4E000EF0724 /* LocalizationScreenshotTestIOSAllSwift */,
				4F2598DB2C36B4E200EF0724 /* LocalizationScreenshotTestIOSAllSwiftTests */,
				4F2598E52C36B4E200EF0724 /* LocalizationScreenshotTestIOSAllSwiftUITests */,
			);
		};
/* End PBXProject section */

/* Begin PBXResourcesBuildPhase section */
		4F2598CA2C36B4E000EF0724 /* Resources */ = {
			isa = PBXResourcesBuildPhase;
			buildActionMask = 2147483647;
			files = (
				4F2598D72C36B4E200EF0724 /* Preview Assets.xcassets in Resources */,
				4F2598D42C36B4E200EF0724 /* Assets.xcassets in Resources */,
				4F2598FA2C36B56900EF0724 /* Localizable.xcstrings in Resources */,
			);
			runOnlyForDeploymentPostprocessing = 0;
		};
		4F2598DA2C36B4E200EF0724 /* Resources */ = {
			isa = PBXResourcesBuildPhase;
			buildActionMask = 2147483647;
			files = (
			);
			runOnlyForDeploymentPostprocessing = 0;
		};
		4F2598E42C36B4E200EF0724 /* Resources */ = {
			isa = PBXResourcesBuildPhase;
			buildActionMask = 2147483647;
			files = (
			);
			runOnlyForDeploymentPostprocessing = 0;
		};
/* End PBXResourcesBuildPhase section */

/* Begin PBXSourcesBuildPhase section */
		4F2598C82C36B4E000EF0724 /* Sources */ = {
			isa = PBXSourcesBuildPhase;
			buildActionMask = 2147483647;
			files = (
				4F2598D22C36B4E000EF0724 /* ContentView.swift in Sources */,
				4F2598D02C36B4E000EF0724 /* LocalizationScreenshotTestIOSAllSwiftApp.swift in Sources */,
			);
			runOnlyForDeploymentPostprocessing = 0;
		};
		4F2598D82C36B4E200EF0724 /* Sources */ = {
			isa = PBXSourcesBuildPhase;
			buildActionMask = 2147483647;
			files = (
				4F2598E12C36B4E200EF0724 /* LocalizationScreenshotTestIOSAllSwiftTests.swift in Sources */,
			);
			runOnlyForDeploymentPostprocessing = 0;
		};
		4F2598E22C36B4E200EF0724 /* Sources */ = {
			isa = PBXSourcesBuildPhase;
			buildActionMask = 2147483647;
			files = (
				4F2598EB2C36B4E200EF0724 /* LocalizationScreenshotTestIOSAllSwiftUITests.swift in Sources */,
				4F2598ED2C36B4E200EF0724 /* LocalizationScreenshotTestIOSAllSwiftUITestsLaunchTests.swift in Sources */,
			);
			runOnlyForDeploymentPostprocessing = 0;
		};
/* End PBXSourcesBuildPhase section */

/* Begin PBXTargetDependency section */
		4F2598DE2C36B4E200EF0724 /* PBXTargetDependency */ = {
			isa = PBXTargetDependency;
			target = 4F2598CB2C36B4E000EF0724 /* LocalizationScreenshotTestIOSAllSwift */;
			targetProxy = 4F2598DD2C36B4E200EF0724 /* PBXContainerItemProxy */;
		};
		4F2598E82C36B4E200EF0724 /* PBXTargetDependency */ = {
			isa = PBXTargetDependency;
			target = 4F2598CB2C36B4E000EF0724 /* LocalizationScreenshotTestIOSAllSwift */;
			targetProxy = 4F2598E72C36B4E200EF0724 /* PBXContainerItemProxy */;
		};
/* End PBXTargetDependency section */

/* Begin XCBuildConfiguration section */
		4F2598EE2C36B4E200EF0724 /* Debug */ = {
			isa = XCBuildConfiguration;
			buildSettings = {
				ALWAYS_SEARCH_USER_PATHS = NO;
				ASSETCATALOG_COMPILER_GENERATE_SWIFT_ASSET_SYMBOL_EXTENSIONS = YES;
				CLANG_ANALYZER_NONNULL = YES;
				CLANG_ANALYZER_NUMBER_OBJECT_CONVERSION = YES_AGGRESSIVE;
				CLANG_CXX_LANGUAGE_STANDARD = "gnu++20";
				CLANG_ENABLE_MODULES = YES;
				CLANG_ENABLE_OBJC_ARC = YES;
				CLANG_ENABLE_OBJC_WEAK = YES;
				CLANG_WARN_BLOCK_CAPTURE_AUTORELEASING = YES;
				CLANG_WARN_BOOL_CONVERSION = YES;
				CLANG_WARN_COMMA = YES;
				CLANG_WARN_CONSTANT_CONVERSION = YES;
				CLANG_WARN_DEPRECATED_OBJC_IMPLEMENTATIONS = YES;
				CLANG_WARN_DIRECT_OBJC_ISA_USAGE = YES_ERROR;
				CLANG_WARN_DOCUMENTATION_COMMENTS = YES;
				CLANG_WARN_EMPTY_BODY = YES;
				CLANG_WARN_ENUM_CONVERSION = YES;
				CLANG_WARN_INFINITE_RECURSION = YES;
				CLANG_WARN_INT_CONVERSION = YES;
				CLANG_WARN_NON_LITERAL_NULL_CONVERSION = YES;
				CLANG_WARN_OBJC_IMPLICIT_RETAIN_SELF = YES;
				CLANG_WARN_OBJC_LITERAL_CONVERSION = YES;
				CLANG_WARN_OBJC_ROOT_CLASS = YES_ERROR;
				CLANG_WARN_QUOTED_INCLUDE_IN_FRAMEWORK_HEADER = YES;
				CLANG_WARN_RANGE_LOOP_ANALYSIS = YES;
				CLANG_WARN_STRICT_PROTOTYPES = YES;
				CLANG_WARN_SUSPICIOUS_MOVE = YES;
				CLANG_WARN_UNGUARDED_AVAILABILITY = YES_AGGRESSIVE;
				CLANG_WARN_UNREACHABLE_CODE = YES;
				CLANG_WARN__DUPLICATE_METHOD_MATCH = YES;
				COPY_PHASE_STRIP = NO;
				DEBUG_INFORMATION_FORMAT = dwarf;
				ENABLE_STRICT_OBJC_MSGSEND = YES;
				ENABLE_TESTABILITY = YES;
				ENABLE_USER_SCRIPT_SANDBOXING = YES;
				GCC_C_LANGUAGE_STANDARD = gnu17;
				GCC_DYNAMIC_NO_PIC = NO;
				GCC_NO_COMMON_BLOCKS = YES;
				GCC_OPTIMIZATION_LEVEL = 0;
				GCC_PREPROCESSOR_DEFINITIONS = (
					"DEBUG=1",
					"$(inherited)",
				);
				GCC_WARN_64_TO_32_BIT_CONVERSION = YES;
				GCC_WARN_ABOUT_RETURN_TYPE = YES_ERROR;
				GCC_WARN_UNDECLARED_SELECTOR = YES;
				GCC_WARN_UNINITIALIZED_AUTOS = YES_AGGRESSIVE;
				GCC_WARN_UNUSED_FUNCTION = YES;
				GCC_WARN_UNUSED_VARIABLE = YES;
				IPHONEOS_DEPLOYMENT_TARGET = 18.0;
				LOCALIZATION_PREFERS_STRING_CATALOGS = YES;
				MTL_ENABLE_DEBUG_INFO = INCLUDE_SOURCE;
				MTL_FAST_MATH = YES;
				ONLY_ACTIVE_ARCH = YES;
				SDKROOT = iphoneos;
				SWIFT_ACTIVE_COMPILATION_CONDITIONS = "DEBUG $(inherited)";
				SWIFT_EMIT_LOC_STRINGS = YES;
				SWIFT_OPTIMIZATION_LEVEL = "-Onone";
			};
			name = Debug;
		};
		4F2598EF2C36B4E200EF0724 /* Release */ = {
			isa = XCBuildConfiguration;
			buildSettings = {
				ALWAYS_SEARCH_USER_PATHS = NO;
				ASSETCATALOG_COMPILER_GENERATE_SWIFT_ASSET_SYMBOL_EXTENSIONS = YES;
				CLANG_ANALYZER_NONNULL = YES;
				CLANG_ANALYZER_NUMBER_OBJECT_CONVERSION = YES_AGGRESSIVE;
				CLANG_CXX_LANGUAGE_STANDARD = "gnu++20";
				CLANG_ENABLE_MODULES = YES;
				CLANG_ENABLE_OBJC_ARC = YES;
				CLANG_ENABLE_OBJC_WEAK = YES;
				CLANG_WARN_BLOCK_CAPTURE_AUTORELEASING = YES;
				CLANG_WARN_BOOL_CONVERSION = YES;
				CLANG_WARN_COMMA = YES;
				CLANG_WARN_CONSTANT_CONVERSION = YES;
				CLANG_WARN_DEPRECATED_OBJC_IMPLEMENTATIONS = YES;
				CLANG_WARN_DIRECT_OBJC_ISA_USAGE = YES_ERROR;
				CLANG_WARN_DOCUMENTATION_COMMENTS = YES;
				CLANG_WARN_EMPTY_BODY = YES;
				CLANG_WARN_ENUM_CONVERSION = YES;
				CLANG_WARN_INFINITE_RECURSION = YES;
				CLANG_WARN_INT_CONVERSION = YES;
				CLANG_WARN_NON_LITERAL_NULL_CONVERSION = YES;
				CLANG_WARN_OBJC_IMPLICIT_RETAIN_SELF = YES;
				CLANG_WARN_OBJC_LITERAL_CONVERSION = YES;
				CLANG_WARN_OBJC_ROOT_CLASS = YES_ERROR;
				CLANG_WARN_QUOTED_INCLUDE_IN_FRAMEWORK_HEADER = YES;
				CLANG_WARN_RANGE_LOOP_ANALYSIS = YES;
				CLANG_WARN_STRICT_PROTOTYPES = YES;
				CLANG_WARN_SUSPICIOUS_MOVE = YES;
				CLANG_WARN_UNGUARDED_AVAILABILITY = YES_AGGRESSIVE;
				CLANG_WARN_UNREACHABLE_CODE = YES;
				CLANG_WARN__DUPLICATE_METHOD_MATCH = YES;
				COPY_PHASE_STRIP = NO;
				DEBUG_INFORMATION_FORMAT = "dwarf-with-dsym";
				ENABLE_NS_ASSERTIONS = NO;
				ENABLE_STRICT_OBJC_MSGSEND = YES;
				ENABLE_USER_SCRIPT_SANDBOXING = YES;
				GCC_C_LANGUAGE_STANDARD = gnu17;
				GCC_NO_COMMON_BLOCKS = YES;
				GCC_WARN_64_TO_32_BIT_CONVERSION = YES;
				GCC_WARN_ABOUT_RETURN_TYPE = YES_ERROR;
				GCC_WARN_UNDECLARED_SELECTOR = YES;
				GCC_WARN_UNINITIALIZED_AUTOS = YES_AGGRESSIVE;
				GCC_WARN_UNUSED_FUNCTION = YES;
				GCC_WARN_UNUSED_VARIABLE = YES;
				IPHONEOS_DEPLOYMENT_TARGET = 18.0;
				LOCALIZATION_PREFERS_STRING_CATALOGS = YES;
				MTL_ENABLE_DEBUG_INFO = NO;
				MTL_FAST_MATH = YES;
				SDKROOT = iphoneos;
				SWIFT_COMPILATION_MODE = wholemodule;
				SWIFT_EMIT_LOC_STRINGS = YES;
				VALIDATE_PRODUCT = YES;
			};
			name = Release;
		};
		4F2598F12C36B4E200EF0724 /* Debug */ = {
			isa = XCBuildConfiguration;
			buildSettings = {
				ASSETCATALOG_COMPILER_APPICON_NAME = AppIcon;
				ASSETCATALOG_COMPILER_GLOBAL_ACCENT_COLOR_NAME = AccentColor;
				CODE_SIGN_IDENTITY = "Apple Development";
				CODE_SIGN_STYLE = Automatic;
				CURRENT_PROJECT_VERSION = 1;
				DEVELOPMENT_ASSET_PATHS = "\"LocalizationScreenshotTestIOSAllSwift/Preview Content\"";
				DEVELOPMENT_TEAM = LM5Z78756B;
				ENABLE_PREVIEWS = YES;
				GENERATE_INFOPLIST_FILE = YES;
				INFOPLIST_KEY_UIApplicationSceneManifest_Generation = YES;
				INFOPLIST_KEY_UIApplicationSupportsIndirectInputEvents = YES;
				INFOPLIST_KEY_UILaunchScreen_Generation = YES;
				INFOPLIST_KEY_UISupportedInterfaceOrientations_iPad = "UIInterfaceOrientationPortrait UIInterfaceOrientationPortraitUpsideDown UIInterfaceOrientationLandscapeLeft UIInterfaceOrientationLandscapeRight";
				INFOPLIST_KEY_UISupportedInterfaceOrientations_iPhone = "UIInterfaceOrientationPortrait UIInterfaceOrientationLandscapeLeft UIInterfaceOrientationLandscapeRight";
				LD_RUNPATH_SEARCH_PATHS = (
					"$(inherited)",
					"@executable_path/Frameworks",
				);
				MARKETING_VERSION = 1.0;
				PRODUCT_BUNDLE_IDENTIFIER = com.nuebling.LocalizationScreenshotTestIOSAllSwift;
				PRODUCT_NAME = "$(TARGET_NAME)";
				PROVISIONING_PROFILE_SPECIFIER = "";
				SUPPORTED_PLATFORMS = "iphoneos iphonesimulator";
				SUPPORTS_MACCATALYST = NO;
				SUPPORTS_MAC_DESIGNED_FOR_IPHONE_IPAD = YES;
				SUPPORTS_XR_DESIGNED_FOR_IPHONE_IPAD = NO;
				SWIFT_EMIT_LOC_STRINGS = YES;
				SWIFT_VERSION = 5.0;
				TARGETED_DEVICE_FAMILY = 1;
			};
			name = Debug;
		};
		4F2598F22C36B4E200EF0724 /* Release */ = {
			isa = XCBuildConfiguration;
			buildSettings = {
				ASSETCATALOG_COMPILER_APPICON_NAME = AppIcon;
				ASSETCATALOG_COMPILER_GLOBAL_ACCENT_COLOR_NAME = AccentColor;
				CODE_SIGN_IDENTITY = "Apple Development";
				CODE_SIGN_STYLE = Automatic;
				CURRENT_PROJECT_VERSION = 1;
				DEVELOPMENT_ASSET_PATHS = "\"LocalizationScreenshotTestIOSAllSwift/Preview Content\"";
				DEVELOPMENT_TEAM = LM5Z78756B;
				ENABLE_PREVIEWS = YES;
				GENERATE_INFOPLIST_FILE = YES;
				INFOPLIST_KEY_UIApplicationSceneManifest_Generation = YES;
				INFOPLIST_KEY_UIApplicationSupportsIndirectInputEvents = YES;
				INFOPLIST_KEY_UILaunchScreen_Generation = YES;
				INFOPLIST_KEY_UISupportedInterfaceOrientations_iPad = "UIInterfaceOrientationPortrait UIInterfaceOrientationPortraitUpsideDown UIInterfaceOrientationLandscapeLeft UIInterfaceOrientationLandscapeRight";
				INFOPLIST_KEY_UISupportedInterfaceOrientations_iPhone = "UIInterfaceOrientationPortrait UIInterfaceOrientationLandscapeLeft UIInterfaceOrientationLandscapeRight";
				LD_RUNPATH_SEARCH_PATHS = (
					"$(inherited)",
					"@executable_path/Frameworks",
				);
				MARKETING_VERSION = 1.0;
				PRODUCT_BUNDLE_IDENTIFIER = com.nuebling.LocalizationScreenshotTestIOSAllSwift;
				PRODUCT_NAME = "$(TARGET_NAME)";
				PROVISIONING_PROFILE_SPECIFIER = "";
				SUPPORTED_PLATFORMS = "iphoneos iphonesimulator";
				SUPPORTS_MACCATALYST = NO;
				SUPPORTS_MAC_DESIGNED_FOR_IPHONE_IPAD = YES;
				SUPPORTS_XR_DESIGNED_FOR_IPHONE_IPAD = NO;
				SWIFT_EMIT_LOC_STRINGS = YES;
				SWIFT_VERSION = 5.0;
				TARGETED_DEVICE_FAMILY = 1;
			};
			name = Release;
		};
		4F2598F42C36B4E200EF0724 /* Debug */ = {
			isa = XCBuildConfiguration;
			buildSettings = {
				BUNDLE_LOADER = "$(TEST_HOST)";
				CODE_SIGN_STYLE = Automatic;
				CURRENT_PROJECT_VERSION = 1;
				DEVELOPMENT_TEAM = LM5Z78756B;
				GENERATE_INFOPLIST_FILE = YES;
				IPHONEOS_DEPLOYMENT_TARGET = 18.0;
				MARKETING_VERSION = 1.0;
				PRODUCT_BUNDLE_IDENTIFIER = com.nuebling.LocalizationScreenshotTestIOSAllSwiftTests;
				PRODUCT_NAME = "$(TARGET_NAME)";
				SWIFT_EMIT_LOC_STRINGS = NO;
				SWIFT_VERSION = 5.0;
				TARGETED_DEVICE_FAMILY = "1,2";
				TEST_HOST = "$(BUILT_PRODUCTS_DIR)/LocalizationScreenshotTestIOSAllSwift.app/$(BUNDLE_EXECUTABLE_FOLDER_PATH)/LocalizationScreenshotTestIOSAllSwift";
			};
			name = Debug;
		};
		4F2598F52C36B4E200EF0724 /* Release */ = {
			isa = XCBuildConfiguration;
			buildSettings = {
				BUNDLE_LOADER = "$(TEST_HOST)";
				CODE_SIGN_STYLE = Automatic;
				CURRENT_PROJECT_VERSION = 1;
				DEVELOPMENT_TEAM = LM5Z78756B;
				GENERATE_INFOPLIST_FILE = YES;
				IPHONEOS_DEPLOYMENT_TARGET = 18.0;
				MARKETING_VERSION = 1.0;
				PRODUCT_BUNDLE_IDENTIFIER = com.nuebling.LocalizationScreenshotTestIOSAllSwiftTests;
				PRODUCT_NAME = "$(TARGET_NAME)";
				SWIFT_EMIT_LOC_STRINGS = NO;
				SWIFT_VERSION = 5.0;
				TARGETED_DEVICE_FAMILY = "1,2";
				TEST_HOST = "$(BUILT_PRODUCTS_DIR)/LocalizationScreenshotTestIOSAllSwift.app/$(BUNDLE_EXECUTABLE_FOLDER_PATH)/LocalizationScreenshotTestIOSAllSwift";
			};
			name = Release;
		};
		4F2598F72C36B4E200EF0724 /* Debug */ = {
			isa = XCBuildConfiguration;
			buildSettings = {
				"CODE_SIGN_IDENTITY[sdk=macosx*]" = "-";
				CODE_SIGN_STYLE = Automatic;
				CURRENT_PROJECT_VERSION = 1;
				DEVELOPMENT_TEAM = LM5Z78756B;
				GENERATE_INFOPLIST_FILE = YES;
				MARKETING_VERSION = 1.0;
				PRODUCT_BUNDLE_IDENTIFIER = com.nuebling.LocalizationScreenshotTestIOSAllSwiftUITests;
				PRODUCT_NAME = "$(TARGET_NAME)";
				SWIFT_EMIT_LOC_STRINGS = NO;
				SWIFT_VERSION = 5.0;
				TARGETED_DEVICE_FAMILY = "1,2";
				TEST_TARGET_NAME = LocalizationScreenshotTestIOSAllSwift;
			};
			name = Debug;
		};
		4F2598F82C36B4E200EF0724 /* Release */ = {
			isa = XCBuildConfiguration;
			buildSettings = {
				"CODE_SIGN_IDENTITY[sdk=macosx*]" = "-";
				CODE_SIGN_STYLE = Automatic;
				CURRENT_PROJECT_VERSION = 1;
				DEVELOPMENT_TEAM = LM5Z78756B;
				GENERATE_INFOPLIST_FILE = YES;
				MARKETING_VERSION = 1.0;
				PRODUCT_BUNDLE_IDENTIFIER = com.nuebling.LocalizationScreenshotTestIOSAllSwiftUITests;
				PRODUCT_NAME = "$(TARGET_NAME)";
				SWIFT_EMIT_LOC_STRINGS = NO;
				SWIFT_VERSION = 5.0;
				TARGETED_DEVICE_FAMILY = "1,2";
				TEST_TARGET_NAME = LocalizationScreenshotTestIOSAllSwift;
			};
			name = Release;
		};
/* End XCBuildConfiguration section */

/* Begin XCConfigurationList section */
		4F2598C72C36B4E000EF0724 /* Build configuration list for PBXProject "LocalizationScreenshotTestIOSAllSwift" */ = {
			isa = XCConfigurationList;
			buildConfigurations = (
				4F2598EE2C36B4E200EF0724 /* Debug */,
				4F2598EF2C36B4E200EF0724 /* Release */,
			);
			defaultConfigurationIsVisible = 0;
			defaultConfigurationName = Release;
		};
		4F2598F02C36B4E200EF0724 /* Build configuration list for PBXNativeTarget "LocalizationScreenshotTestIOSAllSwift" */ = {
			isa = XCConfigurationList;
			buildConfigurations = (
				4F2598F12C36B4E200EF0724 /* Debug */,
				4F2598F22C36B4E200EF0724 /* Release */,
			);
			defaultConfigurationIsVisible = 0;
			defaultConfigurationName = Release;
		};
		4F2598F32C36B4E200EF0724 /* Build configuration list for PBXNativeTarget "LocalizationScreenshotTestIOSAllSwiftTests" */ = {
			isa = XCConfigurationList;
			buildConfigurations = (
				4F2598F42C36B4E200EF0724 /* Debug */,
				4F2598F52C36B4E200EF0724 /* Release */,
			);
			defaultConfigurationIsVisible = 0;
			defaultConfigurationName = Release;
		};
		4F2598F62C36B4E200EF0724 /* Build configuration list for PBXNativeTarget "LocalizationScreenshotTestIOSAllSwiftUITests" */ = {
			isa = XCConfigurationList;
			buildConfigurations = (
				4F2598F72C36B4E200EF0724 /* Debug */,
				4F2598F82C36B4E200EF0724 /* Release */,
			);
			defaultConfigurationIsVisible = 0;
			defaultConfigurationName = Release;
		};
/* End XCConfigurationList section */
	};
	rootObject = 4F2598C42C36B4E000EF0724 /* Project object */;
}
